
Microsoft Visual Studio Solution File, Format Version 12.00
# Visual Studio Version 16
VisualStudioVersion = 16.0.33214.272
MinimumVisualStudioVersion = 10.0.40219.1
Project("{FAE04EC0-301F-11D3-BF4B-00C04F79EFBC}") = "Shop", "Shop.csproj", "{84AD5A86-69E4-43A2-9396-6B0854515EE1}"
EndProject
Global
	GlobalSection(SolutionConfigurationPlatforms) = preSolution
		Debug|Any CPU = Debug|Any CPU
		Release|Any CPU = Release|Any CPU
	EndGlobalSection
	GlobalSection(ProjectConfigurationPlatforms) = postSolution
		{84AD5A86-69E4-43A2-9396-6B0854515EE1}.Debug|Any CPU.ActiveCfg = Debug|Any CPU
		{84AD5A86-69E4-43A2-9396-6B0854515EE1}.Debug|Any CPU.Build.0 = Debug|Any CPU
		{84AD5A86-69E4-43A2-9396-6B0854515EE1}.Release|Any CPU.ActiveCfg = Release|Any CPU
		{84AD5A86-69E4-43A2-9396-6B0854515EE1}.Release|Any CPU.Build.0 = Release|Any CPU
	EndGlobalSection
	GlobalSection(SolutionProperties) = preSolution
		HideSolutionNode = FALSE
	EndGlobalSection
	GlobalSection(ExtensibilityGlobals) = postSolution
		SolutionGuid = {CAE22B3E-E336-4F6B-BFFF-C99D348883BF}
	EndGlobalSection
EndGlobal
